{
  "originHash" : "a79483946966eeaab140afc9e8ad5b0c492c51e4234f6e0f101baf05abd872bd",
  "pins" : [
    {
      "identity" : "orchestrator",
      "kind" : "remoteSourceControl",
      "location" : "https://github.com/CircularCyanStone/Orchestrator",
      "state" : {
        "revision" : "1761ce0dc87597dcbc2db6d3c84900536aaf40cd",
        "version" : "0.0.9"
      }
    },
    {
      "identity" : "swift-syntax",
      "kind" : "remoteSourceControl",
      "location" : "https://github.com/swiftlang/swift-syntax.git",
      "state" : {
        "revision" : "4799286537280063c85a32f09884cfbca301b1a1",
        "version" : "602.0.0"
      }
    }
  ],
  "version" : 3
}
