// !$*UTF8*$!
{
	archiveVersion = 1;
	classes = {
	};
	objectVersion = 77;
	objects = {

/* Begin PBXBuildFile section */
		65A3A8CD2F001A7B00C6103C /* CooOrchestrator.framework in Frameworks */ = {isa = PBXBuildFile; fileRef = FBD17C8B2EF3D61900C9CDB2 /* CooOrchestrator.framework */; };
		65A3A8CE2F001A7B00C6103C /* CooOrchestrator.framework in Embed Frameworks */ = {isa = PBXBuildFile; fileRef = FBD17C8B2EF3D61900C9CDB2 /* CooOrchestrator.framework */; settings = {ATTRIBUTES = (CodeSignOnCopy, RemoveHeadersOnCopy, ); }; };
		FB7DF8D72EFA7AB100AB2476 /* DynamicModule2.framework in Frameworks */ = {isa = PBXBuildFile; fileRef = FB7DF8B82EFA72D300AB2476 /* DynamicModule2.framework */; };
		FB7DF8D82EFA7AB100AB2476 /* DynamicModule2.framework in Embed Frameworks */ = {isa = PBXBuildFile; fileRef = FB7DF8B82EFA72D300AB2476 /* DynamicModule2.framework */; settings = {ATTRIBUTES = (CodeSignOnCopy, RemoveHeadersOnCopy, ); }; };
		FB7DF8E62EFA868B00AB2476 /* exampleModule1.framework in Frameworks */ = {isa = PBXBuildFile; fileRef = FB7DF8A42EFA71BE00AB2476 /* exampleModule1.framework */; };
		FB858A482EFEBEAF00AEAA27 /* CooOrchestrator.framework in Frameworks */ = {isa = PBXBuildFile; fileRef = FBD17C8B2EF3D61900C9CDB2 /* CooOrchestrator.framework */; };
		FB858A492EFEBEAF00AEAA27 /* CooOrchestrator.framework in Embed Frameworks */ = {isa = PBXBuildFile; fileRef = FBD17C8B2EF3D61900C9CDB2 /* CooOrchestrator.framework */; settings = {ATTRIBUTES = (CodeSignOnCopy, RemoveHeadersOnCopy, ); }; };
		FB858A4B2EFEBEC500AEAA27 /* CooOrchestrator.framework in Frameworks */ = {isa = PBXBuildFile; fileRef = FBD17C8B2EF3D61900C9CDB2 /* CooOrchestrator.framework */; };
		FB858A4C2EFEBEC500AEAA27 /* CooOrchestrator.framework in Embed Frameworks */ = {isa = PBXBuildFile; fileRef = FBD17C8B2EF3D61900C9CDB2 /* CooOrchestrator.framework */; settings = {ATTRIBUTES = (CodeSignOnCopy, RemoveHeadersOnCopy, ); }; };
/* End PBXBuildFile section */

/* Begin PBXContainerItemProxy section */
		65A3A8CF2F001A7B00C6103C /* PBXContainerItemProxy */ = {
			isa = PBXContainerItemProxy;
			containerPortal = FBD17C822EF3D61900C9CDB2 /* Project object */;
			proxyType = 1;
			remoteGlobalIDString = FBD17C8A2EF3D61900C9CDB2;
			remoteInfo = CooOrchestrator;
		};
		FB7DF8AA2EFA71BE00AB2476 /* PBXContainerItemProxy */ = {
			isa = PBXContainerItemProxy;
			containerPortal = FBD17C822EF3D61900C9CDB2 /* Project object */;
			proxyType = 1;
			remoteGlobalIDString = FB7DF8A32EFA71BE00AB2476;
			remoteInfo = exampleModule1;
		};
		FB7DF8BE2EFA72D300AB2476 /* PBXContainerItemProxy */ = {
			isa = PBXContainerItemProxy;
			containerPortal = FBD17C822EF3D61900C9CDB2 /* Project object */;
			proxyType = 1;
			remoteGlobalIDString = FB7DF8B72EFA72D300AB2476;
			remoteInfo = DynamicModule2;
		};
/* End PBXContainerItemProxy section */

/* Begin PBXCopyFilesBuildPhase section */
		65A3A8D12F001A7B00C6103C /* Embed Frameworks */ = {
			isa = PBXCopyFilesBuildPhase;
			buildActionMask = 2147483647;
			dstPath = "";
			dstSubfolderSpec = 10;
			files = (
				65A3A8CE2F001A7B00C6103C /* CooOrchestrator.framework in Embed Frameworks */,
			);
			name = "Embed Frameworks";
			runOnlyForDeploymentPostprocessing = 0;
		};
		FB7DF8B12EFA71BE00AB2476 /* Embed Frameworks */ = {
			isa = PBXCopyFilesBuildPhase;
			buildActionMask = 2147483647;
			dstPath = "";
			dstSubfolderSpec = 10;
			files = (
				FB858A4C2EFEBEC500AEAA27 /* CooOrchestrator.framework in Embed Frameworks */,
				FB7DF8D82EFA7AB100AB2476 /* DynamicModule2.framework in Embed Frameworks */,
			);
			name = "Embed Frameworks";
			runOnlyForDeploymentPostprocessing = 0;
		};
		FB858A4A2EFEBEAF00AEAA27 /* Embed Frameworks */ = {
			isa = PBXCopyFilesBuildPhase;
			buildActionMask = 2147483647;
			dstPath = "";
			dstSubfolderSpec = 10;
			files = (
				FB858A492EFEBEAF00AEAA27 /* CooOrchestrator.framework in Embed Frameworks */,
			);
			name = "Embed Frameworks";
			runOnlyForDeploymentPostprocessing = 0;
		};
/* End PBXCopyFilesBuildPhase section */

/* Begin PBXFileReference section */
		65CF82DF2EFFE58800BCEE0F /* SwiftRefactorExtension.xcodeproj */ = {isa = PBXFileReference; lastKnownFileType = "wrapper.pb-project"; path = SwiftRefactorExtension.xcodeproj; sourceTree = "<group>"; };
		65CFAA2C2EFFE61C00BCEE0F /* SwiftRefactorExtension.xcodeproj */ = {isa = PBXFileReference; lastKnownFileType = "wrapper.pb-project"; path = SwiftRefactorExtension.xcodeproj; sourceTree = "<group>"; };
		65CFD17B2EFFE6B600BCEE0F /* SwiftRefactorExtension.xcodeproj */ = {isa = PBXFileReference; lastKnownFileType = "wrapper.pb-project"; path = SwiftRefactorExtension.xcodeproj; sourceTree = "<group>"; };
		FB15F2752EF58F7200E1DA93 /* example.app */ = {isa = PBXFileReference; explicitFileType = wrapper.application; includeInIndex = 0; path = example.app; sourceTree = BUILT_PRODUCTS_DIR; };
		FB7DF8A42EFA71BE00AB2476 /* exampleModule1.framework */ = {isa = PBXFileReference; explicitFileType = wrapper.framework; includeInIndex = 0; path = exampleModule1.framework; sourceTree = BUILT_PRODUCTS_DIR; };
		FB7DF8B82EFA72D300AB2476 /* DynamicModule2.framework */ = {isa = PBXFileReference; explicitFileType = wrapper.framework; includeInIndex = 0; path = DynamicModule2.framework; sourceTree = BUILT_PRODUCTS_DIR; };
		FBD17C8B2EF3D61900C9CDB2 /* CooOrchestrator.framework */ = {isa = PBXFileReference; explicitFileType = wrapper.framework; includeInIndex = 0; path = CooOrchestrator.framework; sourceTree = BUILT_PRODUCTS_DIR; };
/* End PBXFileReference section */

/* Begin PBXFileSystemSynchronizedBuildFileExceptionSet section */
		656FE39E2F002422000B7AD2 /* Exceptions for "Sources" folder in "CooOrchestrator" target */ = {
			isa = PBXFileSystemSynchronizedBuildFileExceptionSet;
			membershipExceptions = (
				CooOrchestrator/macros/Macros.swift,
				CooOrchestratorMacros/CooOrchestratorMacros.swift,
			);
			publicHeaders = (
				CooOrchestrator/CooOrchestrator.h,
				CooOrchestrator/loaders/ocMacros/OhRegistrationMacros.h,
			);
			target = FBD17C8A2EF3D61900C9CDB2 /* CooOrchestrator */;
		};
		FB15F2882EF58F7400E1DA93 /* Exceptions for "example" folder in "example" target */ = {
			isa = PBXFileSystemSynchronizedBuildFileExceptionSet;
			membershipExceptions = (
				exampleModule1.framework,
				Info.plist,
			);
			target = FB15F2742EF58F7200E1DA93 /* example */;
		};
		FB7DF8E82EFA86A300AB2476 /* Exceptions for "exampleModule1" folder in "example" target */ = {
			isa = PBXFileSystemSynchronizedBuildFileExceptionSet;
			membershipExceptions = (
				exampleModule1.bundle,
			);
			target = FB15F2742EF58F7200E1DA93 /* example */;
		};
/* End PBXFileSystemSynchronizedBuildFileExceptionSet section */

/* Begin PBXFileSystemSynchronizedRootGroup section */
		656FE3892F0023E1000B7AD2 /* Sources */ = {
			isa = PBXFileSystemSynchronizedRootGroup;
			exceptions = (
				656FE39E2F002422000B7AD2 /* Exceptions for "Sources" folder in "CooOrchestrator" target */,
			);
			path = Sources;
			sourceTree = "<group>";
		};
		FB15F2762EF58F7200E1DA93 /* example */ = {
			isa = PBXFileSystemSynchronizedRootGroup;
			exceptions = (
				FB15F2882EF58F7400E1DA93 /* Exceptions for "example" folder in "example" target */,
			);
			path = example;
			sourceTree = "<group>";
		};
		FB7DF8A52EFA71BE00AB2476 /* exampleModule1 */ = {
			isa = PBXFileSystemSynchronizedRootGroup;
			exceptions = (
				FB7DF8E82EFA86A300AB2476 /* Exceptions for "exampleModule1" folder in "example" target */,
			);
			path = exampleModule1;
			sourceTree = "<group>";
		};
		FB7DF8B92EFA72D300AB2476 /* DynamicModule2 */ = {
			isa = PBXFileSystemSynchronizedRootGroup;
			path = DynamicModule2;
			sourceTree = "<group>";
		};
/* End PBXFileSystemSynchronizedRootGroup section */

/* Begin PBXFrameworksBuildPhase section */
		FB15F2722EF58F7200E1DA93 /* Frameworks */ = {
			isa = PBXFrameworksBuildPhase;
			buildActionMask = 2147483647;
			files = (
				FB7DF8E62EFA868B00AB2476 /* exampleModule1.framework in Frameworks */,
				FB858A4B2EFEBEC500AEAA27 /* CooOrchestrator.framework in Frameworks */,
				FB7DF8D72EFA7AB100AB2476 /* DynamicModule2.framework in Frameworks */,
			);
			runOnlyForDeploymentPostprocessing = 0;
		};
		FB7DF8A12EFA71BE00AB2476 /* Frameworks */ = {
			isa = PBXFrameworksBuildPhase;
			buildActionMask = 2147483647;
			files = (
				FB858A482EFEBEAF00AEAA27 /* CooOrchestrator.framework in Frameworks */,
			);
			runOnlyForDeploymentPostprocessing = 0;
		};
		FB7DF8B52EFA72D300AB2476 /* Frameworks */ = {
			isa = PBXFrameworksBuildPhase;
			buildActionMask = 2147483647;
			files = (
				65A3A8CD2F001A7B00C6103C /* CooOrchestrator.framework in Frameworks */,
			);
			runOnlyForDeploymentPostprocessing = 0;
		};
		FBD17C882EF3D61900C9CDB2 /* Frameworks */ = {
			isa = PBXFrameworksBuildPhase;
			buildActionMask = 2147483647;
			files = (
			);
			runOnlyForDeploymentPostprocessing = 0;
		};
/* End PBXFrameworksBuildPhase section */

/* Begin PBXGroup section */
		65CF90A02EFFE58800BCEE0F /* Products */ = {
			isa = PBXGroup;
			children = (
			);
			name = Products;
			sourceTree = "<group>";
		};
		65CFB7ED2EFFE61C00BCEE0F /* Products */ = {
			isa = PBXGroup;
			children = (
			);
			name = Products;
			sourceTree = "<group>";
		};
		65CFDF3C2EFFE6B600BCEE0F /* Products */ = {
			isa = PBXGroup;
			children = (
			);
			name = Products;
			sourceTree = "<group>";
		};
		FB15F5052EF592A000E1DA93 /* Frameworks */ = {
			isa = PBXGroup;
			children = (
			);
			name = Frameworks;
			sourceTree = "<group>";
		};
		FBD17C812EF3D61900C9CDB2 = {
			isa = PBXGroup;
			children = (
				656FE3892F0023E1000B7AD2 /* Sources */,
				FB15F2762EF58F7200E1DA93 /* example */,
				FB7DF8A52EFA71BE00AB2476 /* exampleModule1 */,
				FB7DF8B92EFA72D300AB2476 /* DynamicModule2 */,
				FB15F5052EF592A000E1DA93 /* Frameworks */,
				FBD17C8C2EF3D61900C9CDB2 /* Products */,
			);
			sourceTree = "<group>";
		};
		FBD17C8C2EF3D61900C9CDB2 /* Products */ = {
			isa = PBXGroup;
			children = (
				FBD17C8B2EF3D61900C9CDB2 /* CooOrchestrator.framework */,
				FB15F2752EF58F7200E1DA93 /* example.app */,
				FB7DF8A42EFA71BE00AB2476 /* exampleModule1.framework */,
				FB7DF8B82EFA72D300AB2476 /* DynamicModule2.framework */,
			);
			name = Products;
			sourceTree = "<group>";
		};
/* End PBXGroup section */

/* Begin PBXHeadersBuildPhase section */
		FB7DF89F2EFA71BE00AB2476 /* Headers */ = {
			isa = PBXHeadersBuildPhase;
			buildActionMask = 2147483647;
			files = (
			);
			runOnlyForDeploymentPostprocessing = 0;
		};
		FB7DF8B32EFA72D300AB2476 /* Headers */ = {
			isa = PBXHeadersBuildPhase;
			buildActionMask = 2147483647;
			files = (
			);
			runOnlyForDeploymentPostprocessing = 0;
		};
		FBD17C862EF3D61900C9CDB2 /* Headers */ = {
			isa = PBXHeadersBuildPhase;
			buildActionMask = 2147483647;
			files = (
			);
			runOnlyForDeploymentPostprocessing = 0;
		};
/* End PBXHeadersBuildPhase section */

/* Begin PBXNativeTarget section */
		FB15F2742EF58F7200E1DA93 /* example */ = {
			isa = PBXNativeTarget;
			buildConfigurationList = FB15F2892EF58F7400E1DA93 /* Build configuration list for PBXNativeTarget "example" */;
			buildPhases = (
				FB15F2712EF58F7200E1DA93 /* Sources */,
				FB15F2722EF58F7200E1DA93 /* Frameworks */,
				FB15F2732EF58F7200E1DA93 /* Resources */,
				FB7DF8B12EFA71BE00AB2476 /* Embed Frameworks */,
			);
			buildRules = (
			);
			dependencies = (
				FB7DF8AB2EFA71BE00AB2476 /* PBXTargetDependency */,
				FB7DF8BF2EFA72D300AB2476 /* PBXTargetDependency */,
			);
			fileSystemSynchronizedGroups = (
				FB15F2762EF58F7200E1DA93 /* example */,
			);
			name = example;
			packageProductDependencies = (
			);
			productName = example;
			productReference = FB15F2752EF58F7200E1DA93 /* example.app */;
			productType = "com.apple.product-type.application";
		};
		FB7DF8A32EFA71BE00AB2476 /* exampleModule1 */ = {
			isa = PBXNativeTarget;
			buildConfigurationList = FB7DF8AE2EFA71BE00AB2476 /* Build configuration list for PBXNativeTarget "exampleModule1" */;
			buildPhases = (
				FB7DF89F2EFA71BE00AB2476 /* Headers */,
				FB7DF8A02EFA71BE00AB2476 /* Sources */,
				FB7DF8A12EFA71BE00AB2476 /* Frameworks */,
				FB7DF8A22EFA71BE00AB2476 /* Resources */,
				FB858A4A2EFEBEAF00AEAA27 /* Embed Frameworks */,
			);
			buildRules = (
			);
			dependencies = (
			);
			fileSystemSynchronizedGroups = (
				FB7DF8A52EFA71BE00AB2476 /* exampleModule1 */,
			);
			name = exampleModule1;
			packageProductDependencies = (
			);
			productName = exampleModule1;
			productReference = FB7DF8A42EFA71BE00AB2476 /* exampleModule1.framework */;
			productType = "com.apple.product-type.framework";
		};
		FB7DF8B72EFA72D300AB2476 /* DynamicModule2 */ = {
			isa = PBXNativeTarget;
			buildConfigurationList = FB7DF8C22EFA72D300AB2476 /* Build configuration list for PBXNativeTarget "DynamicModule2" */;
			buildPhases = (
				FB7DF8B32EFA72D300AB2476 /* Headers */,
				FB7DF8B42EFA72D300AB2476 /* Sources */,
				FB7DF8B52EFA72D300AB2476 /* Frameworks */,
				FB7DF8B62EFA72D300AB2476 /* Resources */,
				65A3A8D12F001A7B00C6103C /* Embed Frameworks */,
			);
			buildRules = (
			);
			dependencies = (
				65A3A8D02F001A7B00C6103C /* PBXTargetDependency */,
			);
			fileSystemSynchronizedGroups = (
				FB7DF8B92EFA72D300AB2476 /* DynamicModule2 */,
			);
			name = DynamicModule2;
			packageProductDependencies = (
			);
			productName = DynamicModule2;
			productReference = FB7DF8B82EFA72D300AB2476 /* DynamicModule2.framework */;
			productType = "com.apple.product-type.framework";
		};
		FBD17C8A2EF3D61900C9CDB2 /* CooOrchestrator */ = {
			isa = PBXNativeTarget;
			buildConfigurationList = FBD17C942EF3D61900C9CDB2 /* Build configuration list for PBXNativeTarget "CooOrchestrator" */;
			buildPhases = (
				FBD17C862EF3D61900C9CDB2 /* Headers */,
				FBD17C872EF3D61900C9CDB2 /* Sources */,
				FBD17C882EF3D61900C9CDB2 /* Frameworks */,
				FBD17C892EF3D61900C9CDB2 /* Resources */,
			);
			buildRules = (
			);
			dependencies = (
			);
			fileSystemSynchronizedGroups = (
				656FE3892F0023E1000B7AD2 /* Sources */,
			);
			name = CooOrchestrator;
			packageProductDependencies = (
			);
			productName = CooOrchestrator;
			productReference = FBD17C8B2EF3D61900C9CDB2 /* CooOrchestrator.framework */;
			productType = "com.apple.product-type.framework";
		};
/* End PBXNativeTarget section */

/* Begin PBXProject section */
		FBD17C822EF3D61900C9CDB2 /* Project object */ = {
			isa = PBXProject;
			attributes = {
				BuildIndependentTargetsInParallel = 1;
				LastSwiftUpdateCheck = 1630;
				LastUpgradeCheck = 2620;
				TargetAttributes = {
					FB15F2742EF58F7200E1DA93 = {
						CreatedOnToolsVersion = 16.3;
						LastSwiftMigration = 1630;
					};
					FB7DF8A32EFA71BE00AB2476 = {
						CreatedOnToolsVersion = 16.3;
					};
					FB7DF8B72EFA72D300AB2476 = {
						CreatedOnToolsVersion = 16.3;
					};
					FBD17C8A2EF3D61900C9CDB2 = {
						CreatedOnToolsVersion = 16.3;
					};
				};
			};
			buildConfigurationList = FBD17C852EF3D61900C9CDB2 /* Build configuration list for PBXProject "CooOrchestrator" */;
			developmentRegion = en;
			hasScannedForEncodings = 0;
			knownRegions = (
				en,
				Base,
			);
			mainGroup = FBD17C812EF3D61900C9CDB2;
			minimizedProjectReferenceProxies = 1;
			packageReferences = (
			);
			preferredProjectObjectVersion = 77;
			productRefGroup = FBD17C8C2EF3D61900C9CDB2 /* Products */;
			projectDirPath = "";
			projectReferences = (
				{
					ProductGroup = 65CFB7ED2EFFE61C00BCEE0F /* Products */;
					ProjectRef = 65CFAA2C2EFFE61C00BCEE0F /* SwiftRefactorExtension.xcodeproj */;
				},
				{
					ProductGroup = 65CF90A02EFFE58800BCEE0F /* Products */;
					ProjectRef = 65CF82DF2EFFE58800BCEE0F /* SwiftRefactorExtension.xcodeproj */;
				},
				{
					ProductGroup = 65CFDF3C2EFFE6B600BCEE0F /* Products */;
					ProjectRef = 65CFD17B2EFFE6B600BCEE0F /* SwiftRefactorExtension.xcodeproj */;
				},
			);
			projectRoot = "";
			targets = (
				FBD17C8A2EF3D61900C9CDB2 /* CooOrchestrator */,
				FB15F2742EF58F7200E1DA93 /* example */,
				FB7DF8A32EFA71BE00AB2476 /* exampleModule1 */,
				FB7DF8B72EFA72D300AB2476 /* DynamicModule2 */,
			);
		};
/* End PBXProject section */

/* Begin PBXResourcesBuildPhase section */
		FB15F2732EF58F7200E1DA93 /* Resources */ = {
			isa = PBXResourcesBuildPhase;
			buildActionMask = 2147483647;
			files = (
			);
			runOnlyForDeploymentPostprocessing = 0;
		};
		FB7DF8A22EFA71BE00AB2476 /* Resources */ = {
			isa = PBXResourcesBuildPhase;
			buildActionMask = 2147483647;
			files = (
			);
			runOnlyForDeploymentPostprocessing = 0;
		};
		FB7DF8B62EFA72D300AB2476 /* Resources */ = {
			isa = PBXResourcesBuildPhase;
			buildActionMask = 2147483647;
			files = (
			);
			runOnlyForDeploymentPostprocessing = 0;
		};
		FBD17C892EF3D61900C9CDB2 /* Resources */ = {
			isa = PBXResourcesBuildPhase;
			buildActionMask = 2147483647;
			files = (
			);
			runOnlyForDeploymentPostprocessing = 0;
		};
/* End PBXResourcesBuildPhase section */

/* Begin PBXSourcesBuildPhase section */
		FB15F2712EF58F7200E1DA93 /* Sources */ = {
			isa = PBXSourcesBuildPhase;
			buildActionMask = 2147483647;
			files = (
			);
			runOnlyForDeploymentPostprocessing = 0;
		};
		FB7DF8A02EFA71BE00AB2476 /* Sources */ = {
			isa = PBXSourcesBuildPhase;
			buildActionMask = 2147483647;
			files = (
			);
			runOnlyForDeploymentPostprocessing = 0;
		};
		FB7DF8B42EFA72D300AB2476 /* Sources */ = {
			isa = PBXSourcesBuildPhase;
			buildActionMask = 2147483647;
			files = (
			);
			runOnlyForDeploymentPostprocessing = 0;
		};
		FBD17C872EF3D61900C9CDB2 /* Sources */ = {
			isa = PBXSourcesBuildPhase;
			buildActionMask = 2147483647;
			files = (
			);
			runOnlyForDeploymentPostprocessing = 0;
		};
/* End PBXSourcesBuildPhase section */

/* Begin PBXTargetDependency section */
		65A3A8D02F001A7B00C6103C /* PBXTargetDependency */ = {
			isa = PBXTargetDependency;
			target = FBD17C8A2EF3D61900C9CDB2 /* CooOrchestrator */;
			targetProxy = 65A3A8CF2F001A7B00C6103C /* PBXContainerItemProxy */;
		};
		FB7DF8AB2EFA71BE00AB2476 /* PBXTargetDependency */ = {
			isa = PBXTargetDependency;
			target = FB7DF8A32EFA71BE00AB2476 /* exampleModule1 */;
			targetProxy = FB7DF8AA2EFA71BE00AB2476 /* PBXContainerItemProxy */;
		};
		FB7DF8BF2EFA72D300AB2476 /* PBXTargetDependency */ = {
			isa = PBXTargetDependency;
			target = FB7DF8B72EFA72D300AB2476 /* DynamicModule2 */;
			targetProxy = FB7DF8BE2EFA72D300AB2476 /* PBXContainerItemProxy */;
		};
/* End PBXTargetDependency section */

/* Begin XCBuildConfiguration section */
		FB15F2862EF58F7400E1DA93 /* Debug */ = {
			isa = XCBuildConfiguration;
			buildSettings = {
				ASSETCATALOG_COMPILER_APPICON_NAME = AppIcon;
				ASSETCATALOG_COMPILER_GLOBAL_ACCENT_COLOR_NAME = AccentColor;
				CLANG_ENABLE_MODULES = YES;
				CODE_SIGN_STYLE = Automatic;
				CURRENT_PROJECT_VERSION = 1;
				DEVELOPMENT_TEAM = UQ35W3765Z;
				FRAMEWORK_SEARCH_PATHS = (
					"$(inherited)",
					"$(PROJECT_DIR)/example",
				);
				GENERATE_INFOPLIST_FILE = YES;
				INFOPLIST_FILE = example/Info.plist;
				INFOPLIST_KEY_UIApplicationSupportsIndirectInputEvents = YES;
				INFOPLIST_KEY_UILaunchStoryboardName = LaunchScreen;
				INFOPLIST_KEY_UISupportedInterfaceOrientations_iPad = "UIInterfaceOrientationPortrait UIInterfaceOrientationPortraitUpsideDown UIInterfaceOrientationLandscapeLeft UIInterfaceOrientationLandscapeRight";
				INFOPLIST_KEY_UISupportedInterfaceOrientations_iPhone = "UIInterfaceOrientationPortrait UIInterfaceOrientationLandscapeLeft UIInterfaceOrientationLandscapeRight";
				LD_RUNPATH_SEARCH_PATHS = (
					"$(inherited)",
					"@executable_path/Frameworks",
				);
				MARKETING_VERSION = 1.0;
				OTHER_LDFLAGS = "-ObjC";
				PRODUCT_BUNDLE_IDENTIFIER = com.coo.example;
				PRODUCT_NAME = "$(TARGET_NAME)";
				SWIFT_EMIT_LOC_STRINGS = YES;
				SWIFT_OPTIMIZATION_LEVEL = "-Onone";
				SWIFT_VERSION = 5.0;
				TARGETED_DEVICE_FAMILY = "1,2";
			};
			name = Debug;
		};
		FB15F2872EF58F7400E1DA93 /* Release */ = {
			isa = XCBuildConfiguration;
			buildSettings = {
				ASSETCATALOG_COMPILER_APPICON_NAME = AppIcon;
				ASSETCATALOG_COMPILER_GLOBAL_ACCENT_COLOR_NAME = AccentColor;
				CLANG_ENABLE_MODULES = YES;
				CODE_SIGN_STYLE = Automatic;
				CURRENT_PROJECT_VERSION = 1;
				DEVELOPMENT_TEAM = UQ35W3765Z;
				FRAMEWORK_SEARCH_PATHS = (
					"$(inherited)",
					"$(PROJECT_DIR)/example",
				);
				GENERATE_INFOPLIST_FILE = YES;
				INFOPLIST_FILE = example/Info.plist;
				INFOPLIST_KEY_UIApplicationSupportsIndirectInputEvents = YES;
				INFOPLIST_KEY_UILaunchStoryboardName = LaunchScreen;
				INFOPLIST_KEY_UISupportedInterfaceOrientations_iPad = "UIInterfaceOrientationPortrait UIInterfaceOrientationPortraitUpsideDown UIInterfaceOrientationLandscapeLeft UIInterfaceOrientationLandscapeRight";
				INFOPLIST_KEY_UISupportedInterfaceOrientations_iPhone = "UIInterfaceOrientationPortrait UIInterfaceOrientationLandscapeLeft UIInterfaceOrientationLandscapeRight";
				LD_RUNPATH_SEARCH_PATHS = (
					"$(inherited)",
					"@executable_path/Frameworks",
				);
				MARKETING_VERSION = 1.0;
				OTHER_LDFLAGS = "-ObjC";
				PRODUCT_BUNDLE_IDENTIFIER = com.coo.example;
				PRODUCT_NAME = "$(TARGET_NAME)";
				SWIFT_EMIT_LOC_STRINGS = YES;
				SWIFT_VERSION = 5.0;
				TARGETED_DEVICE_FAMILY = "1,2";
			};
			name = Release;
		};
		FB7DF8AF2EFA71BE00AB2476 /* Debug */ = {
			isa = XCBuildConfiguration;
			buildSettings = {
				BUILD_LIBRARY_FOR_DISTRIBUTION = YES;
				CODE_SIGN_IDENTITY = "";
				CODE_SIGN_STYLE = Automatic;
				CURRENT_PROJECT_VERSION = 1;
				DEVELOPMENT_TEAM = UQ35W3765Z;
				DYLIB_COMPATIBILITY_VERSION = 1;
				DYLIB_CURRENT_VERSION = 1;
				DYLIB_INSTALL_NAME_BASE = "@rpath";
				ENABLE_MODULE_VERIFIER = YES;
				GENERATE_INFOPLIST_FILE = YES;
				INFOPLIST_KEY_NSHumanReadableCopyright = "";
				INSTALL_PATH = "$(LOCAL_LIBRARY_DIR)/Frameworks";
				LD_RUNPATH_SEARCH_PATHS = (
					"$(inherited)",
					"@executable_path/Frameworks",
					"@loader_path/Frameworks",
				);
				MACH_O_TYPE = staticlib;
				MARKETING_VERSION = 1.0;
				MODULE_VERIFIER_SUPPORTED_LANGUAGES = "objective-c objective-c++";
				MODULE_VERIFIER_SUPPORTED_LANGUAGE_STANDARDS = "gnu17 gnu++20";
				PRODUCT_BUNDLE_IDENTIFIER = com.coo.exampleModule1;
				PRODUCT_NAME = "$(TARGET_NAME:c99extidentifier)";
				SKIP_INSTALL = YES;
				SWIFT_EMIT_LOC_STRINGS = YES;
				SWIFT_INSTALL_MODULE = YES;
				SWIFT_INSTALL_OBJC_HEADER = NO;
				SWIFT_VERSION = 5.0;
				TARGETED_DEVICE_FAMILY = "1,2";
			};
			name = Debug;
		};
		FB7DF8B02EFA71BE00AB2476 /* Release */ = {
			isa = XCBuildConfiguration;
			buildSettings = {
				BUILD_LIBRARY_FOR_DISTRIBUTION = YES;
				CODE_SIGN_IDENTITY = "";
				CODE_SIGN_STYLE = Automatic;
				CURRENT_PROJECT_VERSION = 1;
				DEVELOPMENT_TEAM = UQ35W3765Z;
				DYLIB_COMPATIBILITY_VERSION = 1;
				DYLIB_CURRENT_VERSION = 1;
				DYLIB_INSTALL_NAME_BASE = "@rpath";
				ENABLE_MODULE_VERIFIER = YES;
				GENERATE_INFOPLIST_FILE = YES;
				INFOPLIST_KEY_NSHumanReadableCopyright = "";
				INSTALL_PATH = "$(LOCAL_LIBRARY_DIR)/Frameworks";
				LD_RUNPATH_SEARCH_PATHS = (
					"$(inherited)",
					"@executable_path/Frameworks",
					"@loader_path/Frameworks",
				);
				MACH_O_TYPE = staticlib;
				MARKETING_VERSION = 1.0;
				MODULE_VERIFIER_SUPPORTED_LANGUAGES = "objective-c objective-c++";
				MODULE_VERIFIER_SUPPORTED_LANGUAGE_STANDARDS = "gnu17 gnu++20";
				PRODUCT_BUNDLE_IDENTIFIER = com.coo.exampleModule1;
				PRODUCT_NAME = "$(TARGET_NAME:c99extidentifier)";
				SKIP_INSTALL = YES;
				SWIFT_EMIT_LOC_STRINGS = YES;
				SWIFT_INSTALL_MODULE = YES;
				SWIFT_INSTALL_OBJC_HEADER = NO;
				SWIFT_VERSION = 5.0;
				TARGETED_DEVICE_FAMILY = "1,2";
			};
			name = Release;
		};
		FB7DF8C32EFA72D300AB2476 /* Debug */ = {
			isa = XCBuildConfiguration;
			buildSettings = {
				BUILD_LIBRARY_FOR_DISTRIBUTION = YES;
				CODE_SIGN_IDENTITY = "";
				CODE_SIGN_STYLE = Automatic;
				CURRENT_PROJECT_VERSION = 1;
				DEVELOPMENT_TEAM = UQ35W3765Z;
				DYLIB_COMPATIBILITY_VERSION = 1;
				DYLIB_CURRENT_VERSION = 1;
				DYLIB_INSTALL_NAME_BASE = "@rpath";
				ENABLE_MODULE_VERIFIER = YES;
				GENERATE_INFOPLIST_FILE = YES;
				INFOPLIST_KEY_NSHumanReadableCopyright = "";
				INSTALL_PATH = "$(LOCAL_LIBRARY_DIR)/Frameworks";
				LD_RUNPATH_SEARCH_PATHS = (
					"$(inherited)",
					"@executable_path/Frameworks",
					"@loader_path/Frameworks",
				);
				MARKETING_VERSION = 1.0;
				MODULE_VERIFIER_SUPPORTED_LANGUAGES = "objective-c objective-c++";
				MODULE_VERIFIER_SUPPORTED_LANGUAGE_STANDARDS = "gnu17 gnu++20";
				PRODUCT_BUNDLE_IDENTIFIER = com.coo.DynamicModule2;
				PRODUCT_NAME = "$(TARGET_NAME:c99extidentifier)";
				SKIP_INSTALL = YES;
				SWIFT_EMIT_LOC_STRINGS = YES;
				SWIFT_INSTALL_MODULE = YES;
				SWIFT_INSTALL_OBJC_HEADER = NO;
				SWIFT_VERSION = 5.0;
				TARGETED_DEVICE_FAMILY = "1,2";
			};
			name = Debug;
		};
		FB7DF8C42EFA72D300AB2476 /* Release */ = {
			isa = XCBuildConfiguration;
			buildSettings = {
				BUILD_LIBRARY_FOR_DISTRIBUTION = YES;
				CODE_SIGN_IDENTITY = "";
				CODE_SIGN_STYLE = Automatic;
				CURRENT_PROJECT_VERSION = 1;
				DEVELOPMENT_TEAM = UQ35W3765Z;
				DYLIB_COMPATIBILITY_VERSION = 1;
				DYLIB_CURRENT_VERSION = 1;
				DYLIB_INSTALL_NAME_BASE = "@rpath";
				ENABLE_MODULE_VERIFIER = YES;
				GENERATE_INFOPLIST_FILE = YES;
				INFOPLIST_KEY_NSHumanReadableCopyright = "";
				INSTALL_PATH = "$(LOCAL_LIBRARY_DIR)/Frameworks";
				LD_RUNPATH_SEARCH_PATHS = (
					"$(inherited)",
					"@executable_path/Frameworks",
					"@loader_path/Frameworks",
				);
				MARKETING_VERSION = 1.0;
				MODULE_VERIFIER_SUPPORTED_LANGUAGES = "objective-c objective-c++";
				MODULE_VERIFIER_SUPPORTED_LANGUAGE_STANDARDS = "gnu17 gnu++20";
				PRODUCT_BUNDLE_IDENTIFIER = com.coo.DynamicModule2;
				PRODUCT_NAME = "$(TARGET_NAME:c99extidentifier)";
				SKIP_INSTALL = YES;
				SWIFT_EMIT_LOC_STRINGS = YES;
				SWIFT_INSTALL_MODULE = YES;
				SWIFT_INSTALL_OBJC_HEADER = NO;
				SWIFT_VERSION = 5.0;
				TARGETED_DEVICE_FAMILY = "1,2";
			};
			name = Release;
		};
		FBD17C922EF3D61900C9CDB2 /* Debug */ = {
			isa = XCBuildConfiguration;
			buildSettings = {
				ALWAYS_SEARCH_USER_PATHS = NO;
				ASSETCATALOG_COMPILER_GENERATE_SWIFT_ASSET_SYMBOL_EXTENSIONS = YES;
				CLANG_ANALYZER_NONNULL = YES;
				CLANG_ANALYZER_NUMBER_OBJECT_CONVERSION = YES_AGGRESSIVE;
				CLANG_CXX_LANGUAGE_STANDARD = "gnu++20";
				CLANG_ENABLE_MODULES = YES;
				CLANG_ENABLE_OBJC_ARC = YES;
				CLANG_ENABLE_OBJC_WEAK = YES;
				CLANG_WARN_BLOCK_CAPTURE_AUTORELEASING = YES;
				CLANG_WARN_BOOL_CONVERSION = YES;
				CLANG_WARN_COMMA = YES;
				CLANG_WARN_CONSTANT_CONVERSION = YES;
				CLANG_WARN_DEPRECATED_OBJC_IMPLEMENTATIONS = YES;
				CLANG_WARN_DIRECT_OBJC_ISA_USAGE = YES_ERROR;
				CLANG_WARN_DOCUMENTATION_COMMENTS = YES;
				CLANG_WARN_EMPTY_BODY = YES;
				CLANG_WARN_ENUM_CONVERSION = YES;
				CLANG_WARN_INFINITE_RECURSION = YES;
				CLANG_WARN_INT_CONVERSION = YES;
				CLANG_WARN_NON_LITERAL_NULL_CONVERSION = YES;
				CLANG_WARN_OBJC_IMPLICIT_RETAIN_SELF = YES;
				CLANG_WARN_OBJC_LITERAL_CONVERSION = YES;
				CLANG_WARN_OBJC_ROOT_CLASS = YES_ERROR;
				CLANG_WARN_QUOTED_INCLUDE_IN_FRAMEWORK_HEADER = YES;
				CLANG_WARN_RANGE_LOOP_ANALYSIS = YES;
				CLANG_WARN_STRICT_PROTOTYPES = YES;
				CLANG_WARN_SUSPICIOUS_MOVE = YES;
				CLANG_WARN_UNGUARDED_AVAILABILITY = YES_AGGRESSIVE;
				CLANG_WARN_UNREACHABLE_CODE = YES;
				CLANG_WARN__DUPLICATE_METHOD_MATCH = YES;
				COPY_PHASE_STRIP = NO;
				CURRENT_PROJECT_VERSION = 1;
				DEBUG_INFORMATION_FORMAT = dwarf;
				DEVELOPMENT_TEAM = UQ35W3765Z;
				ENABLE_STRICT_OBJC_MSGSEND = YES;
				ENABLE_TESTABILITY = YES;
				ENABLE_USER_SCRIPT_SANDBOXING = YES;
				GCC_C_LANGUAGE_STANDARD = gnu17;
				GCC_DYNAMIC_NO_PIC = NO;
				GCC_NO_COMMON_BLOCKS = YES;
				GCC_OPTIMIZATION_LEVEL = 0;
				GCC_PREPROCESSOR_DEFINITIONS = (
					"DEBUG=1",
					"$(inherited)",
				);
				GCC_WARN_64_TO_32_BIT_CONVERSION = YES;
				GCC_WARN_ABOUT_RETURN_TYPE = YES_ERROR;
				GCC_WARN_UNDECLARED_SELECTOR = YES;
				GCC_WARN_UNINITIALIZED_AUTOS = YES_AGGRESSIVE;
				GCC_WARN_UNUSED_FUNCTION = YES;
				GCC_WARN_UNUSED_VARIABLE = YES;
				IPHONEOS_DEPLOYMENT_TARGET = 18.4;
				LOCALIZATION_PREFERS_STRING_CATALOGS = YES;
				MTL_ENABLE_DEBUG_INFO = INCLUDE_SOURCE;
				MTL_FAST_MATH = YES;
				ONLY_ACTIVE_ARCH = YES;
				SDKROOT = iphoneos;
				STRING_CATALOG_GENERATE_SYMBOLS = YES;
				SWIFT_ACTIVE_COMPILATION_CONDITIONS = "DEBUG $(inherited)";
				SWIFT_OPTIMIZATION_LEVEL = "-Onone";
				VERSIONING_SYSTEM = "apple-generic";
				VERSION_INFO_PREFIX = "";
			};
			name = Debug;
		};
		FBD17C932EF3D61900C9CDB2 /* Release */ = {
			isa = XCBuildConfiguration;
			buildSettings = {
				ALWAYS_SEARCH_USER_PATHS = NO;
				ASSETCATALOG_COMPILER_GENERATE_SWIFT_ASSET_SYMBOL_EXTENSIONS = YES;
				CLANG_ANALYZER_NONNULL = YES;
				CLANG_ANALYZER_NUMBER_OBJECT_CONVERSION = YES_AGGRESSIVE;
				CLANG_CXX_LANGUAGE_STANDARD = "gnu++20";
				CLANG_ENABLE_MODULES = YES;
				CLANG_ENABLE_OBJC_ARC = YES;
				CLANG_ENABLE_OBJC_WEAK = YES;
				CLANG_WARN_BLOCK_CAPTURE_AUTORELEASING = YES;
				CLANG_WARN_BOOL_CONVERSION = YES;
				CLANG_WARN_COMMA = YES;
				CLANG_WARN_CONSTANT_CONVERSION = YES;
				CLANG_WARN_DEPRECATED_OBJC_IMPLEMENTATIONS = YES;
				CLANG_WARN_DIRECT_OBJC_ISA_USAGE = YES_ERROR;
				CLANG_WARN_DOCUMENTATION_COMMENTS = YES;
				CLANG_WARN_EMPTY_BODY = YES;
				CLANG_WARN_ENUM_CONVERSION = YES;
				CLANG_WARN_INFINITE_RECURSION = YES;
				CLANG_WARN_INT_CONVERSION = YES;
				CLANG_WARN_NON_LITERAL_NULL_CONVERSION = YES;
				CLANG_WARN_OBJC_IMPLICIT_RETAIN_SELF = YES;
				CLANG_WARN_OBJC_LITERAL_CONVERSION = YES;
				CLANG_WARN_OBJC_ROOT_CLASS = YES_ERROR;
				CLANG_WARN_QUOTED_INCLUDE_IN_FRAMEWORK_HEADER = YES;
				CLANG_WARN_RANGE_LOOP_ANALYSIS = YES;
				CLANG_WARN_STRICT_PROTOTYPES = YES;
				CLANG_WARN_SUSPICIOUS_MOVE = YES;
				CLANG_WARN_UNGUARDED_AVAILABILITY = YES_AGGRESSIVE;
				CLANG_WARN_UNREACHABLE_CODE = YES;
				CLANG_WARN__DUPLICATE_METHOD_MATCH = YES;
				COPY_PHASE_STRIP = NO;
				CURRENT_PROJECT_VERSION = 1;
				DEBUG_INFORMATION_FORMAT = "dwarf-with-dsym";
				DEVELOPMENT_TEAM = UQ35W3765Z;
				ENABLE_NS_ASSERTIONS = NO;
				ENABLE_STRICT_OBJC_MSGSEND = YES;
				ENABLE_USER_SCRIPT_SANDBOXING = YES;
				GCC_C_LANGUAGE_STANDARD = gnu17;
				GCC_NO_COMMON_BLOCKS = YES;
				GCC_WARN_64_TO_32_BIT_CONVERSION = YES;
				GCC_WARN_ABOUT_RETURN_TYPE = YES_ERROR;
				GCC_WARN_UNDECLARED_SELECTOR = YES;
				GCC_WARN_UNINITIALIZED_AUTOS = YES_AGGRESSIVE;
				GCC_WARN_UNUSED_FUNCTION = YES;
				GCC_WARN_UNUSED_VARIABLE = YES;
				IPHONEOS_DEPLOYMENT_TARGET = 18.4;
				LOCALIZATION_PREFERS_STRING_CATALOGS = YES;
				MTL_ENABLE_DEBUG_INFO = NO;
				MTL_FAST_MATH = YES;
				SDKROOT = iphoneos;
				STRING_CATALOG_GENERATE_SYMBOLS = YES;
				SWIFT_COMPILATION_MODE = wholemodule;
				VALIDATE_PRODUCT = YES;
				VERSIONING_SYSTEM = "apple-generic";
				VERSION_INFO_PREFIX = "";
			};
			name = Release;
		};
		FBD17C952EF3D61900C9CDB2 /* Debug */ = {
			isa = XCBuildConfiguration;
			buildSettings = {
				BUILD_LIBRARY_FOR_DISTRIBUTION = YES;
				CODE_SIGN_IDENTITY = "";
				CODE_SIGN_STYLE = Automatic;
				CURRENT_PROJECT_VERSION = 1;
				DEFINES_MODULE = YES;
				DEVELOPMENT_TEAM = UQ35W3765Z;
				DYLIB_COMPATIBILITY_VERSION = 1;
				DYLIB_CURRENT_VERSION = 1;
				DYLIB_INSTALL_NAME_BASE = "@rpath";
				ENABLE_MODULE_VERIFIER = YES;
				GENERATE_INFOPLIST_FILE = YES;
				INFOPLIST_KEY_NSHumanReadableCopyright = "";
				INSTALL_PATH = "$(LOCAL_LIBRARY_DIR)/Frameworks";
				IPHONEOS_DEPLOYMENT_TARGET = 13;
				LD_RUNPATH_SEARCH_PATHS = (
					"$(inherited)",
					"@executable_path/Frameworks",
					"@loader_path/Frameworks",
				);
				MACH_O_TYPE = mh_dylib;
				MARKETING_VERSION = 1.0;
				MODULE_VERIFIER_SUPPORTED_LANGUAGES = "objective-c objective-c++";
				MODULE_VERIFIER_SUPPORTED_LANGUAGE_STANDARDS = "gnu17 gnu++20";
				PRODUCT_BUNDLE_IDENTIFIER = com.coo.CooOrchestrator;
				PRODUCT_NAME = "$(TARGET_NAME:c99extidentifier)";
				SKIP_INSTALL = YES;
				SWIFT_EMIT_LOC_STRINGS = YES;
				SWIFT_INSTALL_MODULE = YES;
				SWIFT_INSTALL_OBJC_HEADER = YES;
				SWIFT_STRICT_CONCURRENCY = complete;
				SWIFT_VERSION = 5.0;
				TARGETED_DEVICE_FAMILY = "1,2";
			};
			name = Debug;
		};
		FBD17C962EF3D61900C9CDB2 /* Release */ = {
			isa = XCBuildConfiguration;
			buildSettings = {
				BUILD_LIBRARY_FOR_DISTRIBUTION = YES;
				CODE_SIGN_IDENTITY = "";
				CODE_SIGN_STYLE = Automatic;
				CURRENT_PROJECT_VERSION = 1;
				DEFINES_MODULE = YES;
				DEVELOPMENT_TEAM = UQ35W3765Z;
				DYLIB_COMPATIBILITY_VERSION = 1;
				DYLIB_CURRENT_VERSION = 1;
				DYLIB_INSTALL_NAME_BASE = "@rpath";
				ENABLE_MODULE_VERIFIER = YES;
				GENERATE_INFOPLIST_FILE = YES;
				INFOPLIST_KEY_NSHumanReadableCopyright = "";
				INSTALL_PATH = "$(LOCAL_LIBRARY_DIR)/Frameworks";
				IPHONEOS_DEPLOYMENT_TARGET = 13;
				LD_RUNPATH_SEARCH_PATHS = (
					"$(inherited)",
					"@executable_path/Frameworks",
					"@loader_path/Frameworks",
				);
				MACH_O_TYPE = mh_dylib;
				MARKETING_VERSION = 1.0;
				MODULE_VERIFIER_SUPPORTED_LANGUAGES = "objective-c objective-c++";
				MODULE_VERIFIER_SUPPORTED_LANGUAGE_STANDARDS = "gnu17 gnu++20";
				PRODUCT_BUNDLE_IDENTIFIER = com.coo.CooOrchestrator;
				PRODUCT_NAME = "$(TARGET_NAME:c99extidentifier)";
				SKIP_INSTALL = YES;
				SWIFT_EMIT_LOC_STRINGS = YES;
				SWIFT_INSTALL_MODULE = YES;
				SWIFT_INSTALL_OBJC_HEADER = YES;
				SWIFT_STRICT_CONCURRENCY = complete;
				SWIFT_VERSION = 5.0;
				TARGETED_DEVICE_FAMILY = "1,2";
			};
			name = Release;
		};
/* End XCBuildConfiguration section */

/* Begin XCConfigurationList section */
		FB15F2892EF58F7400E1DA93 /* Build configuration list for PBXNativeTarget "example" */ = {
			isa = XCConfigurationList;
			buildConfigurations = (
				FB15F2862EF58F7400E1DA93 /* Debug */,
				FB15F2872EF58F7400E1DA93 /* Release */,
			);
			defaultConfigurationIsVisible = 0;
			defaultConfigurationName = Release;
		};
		FB7DF8AE2EFA71BE00AB2476 /* Build configuration list for PBXNativeTarget "exampleModule1" */ = {
			isa = XCConfigurationList;
			buildConfigurations = (
				FB7DF8AF2EFA71BE00AB2476 /* Debug */,
				FB7DF8B02EFA71BE00AB2476 /* Release */,
			);
			defaultConfigurationIsVisible = 0;
			defaultConfigurationName = Release;
		};
		FB7DF8C22EFA72D300AB2476 /* Build configuration list for PBXNativeTarget "DynamicModule2" */ = {
			isa = XCConfigurationList;
			buildConfigurations = (
				FB7DF8C32EFA72D300AB2476 /* Debug */,
				FB7DF8C42EFA72D300AB2476 /* Release */,
			);
			defaultConfigurationIsVisible = 0;
			defaultConfigurationName = Release;
		};
		FBD17C852EF3D61900C9CDB2 /* Build configuration list for PBXProject "CooOrchestrator" */ = {
			isa = XCConfigurationList;
			buildConfigurations = (
				FBD17C922EF3D61900C9CDB2 /* Debug */,
				FBD17C932EF3D61900C9CDB2 /* Release */,
			);
			defaultConfigurationIsVisible = 0;
			defaultConfigurationName = Release;
		};
		FBD17C942EF3D61900C9CDB2 /* Build configuration list for PBXNativeTarget "CooOrchestrator" */ = {
			isa = XCConfigurationList;
			buildConfigurations = (
				FBD17C952EF3D61900C9CDB2 /* Debug */,
				FBD17C962EF3D61900C9CDB2 /* Release */,
			);
			defaultConfigurationIsVisible = 0;
			defaultConfigurationName = Release;
		};
/* End XCConfigurationList section */
	};
	rootObject = FBD17C822EF3D61900C9CDB2 /* Project object */;
}
